
Microsoft Visual Studio Solution File, Format Version 12.00
# Visual Studio Version 17
VisualStudioVersion = 17.3.32901.215
MinimumVisualStudioVersion = 10.0.40219.1
Project("{FAE04EC0-301F-11D3-BF4B-00C04F79EFBC}") = "form26", "form26\form26.csproj", "{2960CD68-9CBC-40F8-80C5-33C8333D2A84}"
EndProject
Global
	GlobalSection(SolutionConfigurationPlatforms) = preSolution
		Debug|Any CPU = Debug|Any CPU
		Release|Any CPU = Release|Any CPU
	EndGlobalSection
	GlobalSection(ProjectConfigurationPlatforms) = postSolution
		{2960CD68-9CBC-40F8-80C5-33C8333D2A84}.Debug|Any CPU.ActiveCfg = Debug|Any CPU
		{2960CD68-9CBC-40F8-80C5-33C8333D2A84}.Debug|Any CPU.Build.0 = Debug|Any CPU
		{2960CD68-9CBC-40F8-80C5-33C8333D2A84}.Release|Any CPU.ActiveCfg = Release|Any CPU
		{2960CD68-9CBC-40F8-80C5-33C8333D2A84}.Release|Any CPU.Build.0 = Release|Any CPU
	EndGlobalSection
	GlobalSection(SolutionProperties) = preSolution
		HideSolutionNode = FALSE
	EndGlobalSection
	GlobalSection(ExtensibilityGlobals) = postSolution
		SolutionGuid = {DF3D006A-3F5C-4AFA-AAE4-8B6236ECF1B2}
	EndGlobalSection
EndGlobal
